
Microsoft Visual Studio Solution File, Format Version 12.00
# Visual Studio Version 17
VisualStudioVersion = 17.11.35222.181
MinimumVisualStudioVersion = 10.0.40219.1
Project("{FAE04EC0-301F-11D3-BF4B-00C04F79EFBC}") = "KartverketApp", "KartverketApp\KartverketApp.csproj", "{7D3DE245-E11D-4268-87C7-A59496A6671A}"
EndProject
Global
	GlobalSection(SolutionConfigurationPlatforms) = preSolution
		Debug|Any CPU = Debug|Any CPU
		Release|Any CPU = Release|Any CPU
	EndGlobalSection
	GlobalSection(ProjectConfigurationPlatforms) = postSolution
		{7D3DE245-E11D-4268-87C7-A59496A6671A}.Debug|Any CPU.ActiveCfg = Debug|Any CPU
		{7D3DE245-E11D-4268-87C7-A59496A6671A}.Debug|Any CPU.Build.0 = Debug|Any CPU
		{7D3DE245-E11D-4268-87C7-A59496A6671A}.Release|Any CPU.ActiveCfg = Release|Any CPU
		{7D3DE245-E11D-4268-87C7-A59496A6671A}.Release|Any CPU.Build.0 = Release|Any CPU
	EndGlobalSection
	GlobalSection(SolutionProperties) = preSolution
		HideSolutionNode = FALSE
	EndGlobalSection
	GlobalSection(ExtensibilityGlobals) = postSolution
		SolutionGuid = {A49564F8-1D31-4597-9838-0430D696A58D}
	EndGlobalSection
EndGlobal
